<?xml version="1.0" encoding="utf-8"?>
<Project ToolsVersion="4.0" xmlns="http://schemas.microsoft.com/developer/msbuild/2003">
  <ItemGroup>
    <Filter Include="encounter">
      <UniqueIdentifier>{2233fa83-10e5-40c6-a653-887b69bf8b67}</UniqueIdentifier>
    </Filter>
    <Filter Include="system">
      <UniqueIdentifier>{5bb6c533-5cad-47a0-890e-d265499b3f48}</UniqueIdentifier>
    </Filter>
    <Filter Include="unit">
      <UniqueIdentifier>{ea0a8421-8a8b-4b52-a310-3cf4b9cca570}</UniqueIdentifier>
    </Filter>
    <Filter Include="ability">
      <UniqueIdentifier>{fae78820-e0ff-4167-afff-cfcce0d00c7d}</UniqueIdentifier>
    </Filter>
    <Filter Include="localization">
      <UniqueIdentifier>{d3c6d29f-88f2-4282-ae5d-1c1e207182e8}</UniqueIdentifier>
    </Filter>
    <Filter Include="thirdparty">
      <UniqueIdentifier>{035462cc-10d9-4c66-acf2-6cc23acb94da}</UniqueIdentifier>
    </Filter>
    <Filter Include="game">
      <UniqueIdentifier>{6334037c-eeba-4e11-b395-00e4c79204f1}</UniqueIdentifier>
    </Filter>
    <Filter Include="entity">
      <UniqueIdentifier>{4c100e13-853f-420f-8285-bfa8daa47cf7}</UniqueIdentifier>
    </Filter>
  </ItemGroup>
  <ItemGroup>
    <ClInclude Include="encounter\encounter.h">
      <Filter>encounter</Filter>
    </ClInclude>
    <ClInclude Include="types.h" />
    <ClInclude Include="system\time.h">
      <Filter>system</Filter>
    </ClInclude>
    <ClInclude Include="pch.h" />
    <ClInclude Include="encounter\event.h">
      <Filter>encounter</Filter>
    </ClInclude>
    <ClInclude Include="system\inlist.h">
      <Filter>system</Filter>
    </ClInclude>
    <ClInclude Include="system\pool.h">
      <Filter>system</Filter>
    </ClInclude>
    <ClInclude Include="unit\unit.h">
      <Filter>unit</Filter>
    </ClInclude>
    <ClInclude Include="unit\power.h">
      <Filter>unit</Filter>
    </ClInclude>
    <ClInclude Include="localization\localization.h">
      <Filter>localization</Filter>
    </ClInclude>
    <ClInclude Include="system\delegate.h">
      <Filter>system</Filter>
    </ClInclude>
    <ClInclude Include="system\check.h">
      <Filter>system</Filter>
    </ClInclude>
    <ClInclude Include="system\json.h">
      <Filter>system</Filter>
    </ClInclude>
    <ClInclude Include="unit\attribute.h">
      <Filter>unit</Filter>
    </ClInclude>
    <ClInclude Include="unit\buff.h">
      <Filter>unit</Filter>
    </ClInclude>
    <ClInclude Include="game\combat.h">
      <Filter>game</Filter>
    </ClInclude>
    <ClInclude Include="game\world.h">
      <Filter>game</Filter>
    </ClInclude>
    <ClInclude Include="game\game.h">
      <Filter>game</Filter>
    </ClInclude>
    <ClInclude Include="entity\component.h">
      <Filter>entity</Filter>
    </ClInclude>
    <ClInclude Include="entity\entity.h">
      <Filter>entity</Filter>
    </ClInclude>
    <ClInclude Include="system\modifier.h" />
    <ClInclude Include="unit\effects\damage_effect.h" />
    <ClInclude Include="game\damage.h" />
    <ClInclude Include="game\game_events.h" />
    <ClInclude Include="game\combat_common.h" />
    <ClInclude Include="encounter\encounter_log.h" />
    <ClInclude Include="unit\unit_utils.h" />
    <ClInclude Include="game\zone.h" />
    <ClInclude Include="unit\aggro.h" />
    <ClInclude Include="encounter\encounter_serialization.h" />
    <ClInclude Include="system\fileutil.h" />
    <ClInclude Include="system\log\logging.h" />
    <ClInclude Include="system\stringutil.h" />
    <ClInclude Include="system\log\log_channels.h" />
    <ClInclude Include="unit\states\state.h" />
    <ClInclude Include="unit\states\state_idle.h" />
    <ClInclude Include="unit\movement.h" />
    <ClInclude Include="map\tile.h" />
    <ClInclude Include="system\math\vector2.h" />
    <ClInclude Include="map\map.h" />
    <ClInclude Include="system\math\math.h" />
    <ClInclude Include="map\pathfinding.h" />
    <ClInclude Include="system\math\vector3.h" />
    <ClInclude Include="unit\group.h" />
    <ClInclude Include="system\container.h" />
    <ClInclude Include="unit\spawner.h" />
    <ClInclude Include="entity\name.h" />
    <ClInclude Include="engine.h" />
    <ClInclude Include="system\math\random.h" />
    <ClInclude Include="unit\targeting.h" />
    <ClInclude Include="entity\transform.h" />
    <ClInclude Include="game\game_instance.h" />
    <ClInclude Include="game\loading.h" />
    <ClInclude Include="system\args.h" />
    <ClInclude Include="system\singleton.h" />
    <ClInclude Include="system\automation.h" />
    <ClInclude Include="unit\ai\ai.h" />
    <ClInclude Include="unit\unit_component.h" />
    <ClInclude Include="game\game_logic.h" />
  </ItemGroup>
  <ItemGroup>
    <ClCompile Include="encounter\encounter.cpp">
      <Filter>encounter</Filter>
    </ClCompile>
    <ClCompile Include="system\time.cpp">
      <Filter>system</Filter>
    </ClCompile>
    <ClCompile Include="pch.cpp" />
    <ClCompile Include="system\inlist.cpp">
      <Filter>system</Filter>
    </ClCompile>
    <ClCompile Include="system\pool.cpp">
      <Filter>system</Filter>
    </ClCompile>
    <ClCompile Include="unit\unit.cpp">
      <Filter>unit</Filter>
    </ClCompile>
    <ClCompile Include="unit\power.cpp">
      <Filter>unit</Filter>
    </ClCompile>
    <ClCompile Include="localization\localization.cpp">
      <Filter>localization</Filter>
    </ClCompile>
    <ClCompile Include="encounter\event.cpp">
      <Filter>encounter</Filter>
    </ClCompile>
    <ClCompile Include="system\delegate.cpp">
      <Filter>system</Filter>
    </ClCompile>
    <ClCompile Include="unit\buff.cpp">
      <Filter>unit</Filter>
    </ClCompile>
    <ClCompile Include="game\combat.cpp">
      <Filter>game</Filter>
    </ClCompile>
    <ClCompile Include="game\world.cpp">
      <Filter>game</Filter>
    </ClCompile>
    <ClCompile Include="entity\component.cpp">
      <Filter>entity</Filter>
    </ClCompile>
    <ClCompile Include="unit\attribute.cpp">
      <Filter>unit</Filter>
    </ClCompile>
    <ClCompile Include="game\game.cpp" />
    <ClCompile Include="game\damage.cpp" />
    <ClCompile Include="unit\effects\damage_effect.cpp" />
    <ClCompile Include="entity\entity.cpp" />
    <ClCompile Include="encounter\encounter_log.cpp" />
    <ClCompile Include="unit\unit_utils.cpp" />
    <ClCompile Include="game\zone.cpp" />
    <ClCompile Include="unit\aggro.cpp" />
    <ClCompile Include="encounter\encounter_serialization.cpp" />
    <ClCompile Include="system\fileutil.cpp" />
    <ClCompile Include="system\log\logging.cpp" />
    <ClCompile Include="system\stringutil.cpp" />
    <ClCompile Include="system\log\log_channels.cpp" />
    <ClCompile Include="unit\states\state.cpp" />
    <ClCompile Include="unit\movement.cpp" />
    <ClCompile Include="map\tile.cpp" />
    <ClCompile Include="map\map.cpp" />
    <ClCompile Include="map\pathfinding.cpp" />
    <ClCompile Include="unit\group.cpp" />
    <ClCompile Include="unit\spawner.cpp" />
    <ClCompile Include="engine.cpp" />
    <ClCompile Include="unit\targeting.cpp" />
    <ClCompile Include="game\game_instance.cpp" />
    <ClCompile Include="game\loading.cpp" />
    <ClCompile Include="system\args.cpp" />
    <ClCompile Include="unit\ai\ai.cpp" />
    <ClCompile Include="unit\unit_component.cpp" />
    <ClCompile Include="game\game_logic.cpp" />
  </ItemGroup>
</Project>